{
    "_readme": [
        "This file locks the dependencies of your project to a known state",
        "Read more about it at https://getcomposer.org/doc/01-basic-usage.md#composer-lock-the-lock-file",
        "This file is @generated automatically"
    ],
    "hash": "0e10459cfd5bc3392ed163e1b8f4af23",
    "content-hash": "2ad873ecd65899086c88d8f0ba8ba5c7",
    "packages": [
        {
            "name": "searchturbine/phpwee-php-minifier",
            "version": "dev-master",
            "source": {
                "type": "git",
                "url": "https://github.com/mcustiel/phpwee-php-minifier.git",
                "reference": "fb771cf01ec1db750c5cc3c5e926b8e7de923663"
            },
            "dist": {
                "type": "zip",
                "url": "https://api.github.com/repos/mcustiel/phpwee-php-minifier/zipball/fb771cf01ec1db750c5cc3c5e926b8e7de923663",
                "reference": "fb771cf01ec1db750c5cc3c5e926b8e7de923663",
                "shasum": ""
            },
            "require": {
                "php": ">=5.3.0"
            },
            "type": "library",
            "autoload": {
                "psr-4": {
                    "PHPWee\\": "src/PHPWee"
                }
            },
            "license": [
                "BSD"
            ],
            "authors": [
                {
                    "name": "Search Turbine - Open Source PHP Dev Team",
                    "email": "community@searchturbine.com",
                    "homepage": "http://searchturbine.com",
                    "role": "Developer"
                }
            ],
            "description": "A PHP minifier for HTML, CSS and JS files.",
            "homepage": "http://searchturbine.com/php/phpwee",
            "keywords": [
                "compress",
                "css",
                "css3",
                "free",
                "html",
                "html5",
                "javascript",
                "js",
                "min",
                "minify",
                "open source",
                "php",
                "php5",
                "phpwee"
            ],
            "support": {
                "source": "https://github.com/mcustiel/phpwee-php-minifier/tree/master"
            },
            "time": "2016-06-07 07:16:07"
        }
    ],
    "packages-dev": [
        {
            "name": "hamcrest/hamcrest-php",
            "version": "v1.2.2",
            "source": {
                "type": "git",
                "url": "https://github.com/hamcrest/hamcrest-php.git",
                "reference": "b37020aa976fa52d3de9aa904aa2522dc518f79c"
            },
            "dist": {
                "type": "zip",
                "url": "https://api.github.com/repos/hamcrest/hamcrest-php/zipball/b37020aa976fa52d3de9aa904aa2522dc518f79c",
                "reference": "b37020aa976fa52d3de9aa904aa2522dc518f79c",
                "shasum": ""
            },
            "require": {
                "php": ">=5.3.2"
            },
            "replace": {
                "cordoval/hamcrest-php": "*",
                "davedevelopment/hamcrest-php": "*",
                "kodova/hamcrest-php": "*"
            },
            "require-dev": {
                "phpunit/php-file-iterator": "1.3.3",
                "satooshi/php-coveralls": "dev-master"
            },
            "type": "library",
            "autoload": {
                "classmap": [
                    "hamcrest"
                ],
                "files": [
                    "hamcrest/Hamcrest.php"
                ]
            },
            "notification-url": "https://packagist.org/downloads/",
            "license": [
                "BSD"
            ],
            "description": "This is the PHP port of Hamcrest Matchers",
            "keywords": [
                "test"
            ],
            "time": "2015-05-11 14:41:42"
        },
        {
            "name": "mockery/mockery",
            "version": "0.9.5",
            "source": {
                "type": "git",
                "url": "https://github.com/padraic/mockery.git",
                "reference": "4db079511a283e5aba1b3c2fb19037c645e70fc2"
            },
            "dist": {
                "type": "zip",
                "url": "https://api.github.com/repos/padraic/mockery/zipball/4db079511a283e5aba1b3c2fb19037c645e70fc2",
                "reference": "4db079511a283e5aba1b3c2fb19037c645e70fc2",
                "shasum": ""
            },
            "require": {
                "hamcrest/hamcrest-php": "~1.1",
                "lib-pcre": ">=7.0",
                "php": ">=5.3.2"
            },
            "require-dev": {
                "phpunit/phpunit": "~4.0"
            },
            "type": "library",
            "extra": {
                "branch-alias": {
                    "dev-master": "0.9.x-dev"
                }
            },
            "autoload": {
                "psr-0": {
                    "Mockery": "library/"
                }
            },
            "notification-url": "https://packagist.org/downloads/",
            "license": [
                "BSD-3-Clause"
            ],
            "authors": [
                {
                    "name": "Pádraic Brady",
                    "email": "padraic.brady@gmail.com",
                    "homepage": "http://blog.astrumfutura.com"
                },
                {
                    "name": "Dave Marshall",
                    "email": "dave.marshall@atstsolutions.co.uk",
                    "homepage": "http://davedevelopment.co.uk"
                }
            ],
            "description": "Mockery is a simple yet flexible PHP mock object framework for use in unit testing with PHPUnit, PHPSpec or any other testing framework. Its core goal is to offer a test double framework with a succinct API capable of clearly defining all possible object operations and interactions using a human readable Domain Specific Language (DSL). Designed as a drop in alternative to PHPUnit's phpunit-mock-objects library, Mockery is easy to integrate with PHPUnit and can operate alongside phpunit-mock-objects without the World ending.",
            "homepage": "http://github.com/padraic/mockery",
            "keywords": [
                "BDD",
                "TDD",
                "library",
                "mock",
                "mock objects",
                "mockery",
                "stub",
                "test",
                "test double",
                "testing"
            ],
            "time": "2016-05-22 21:52:33"
        }
    ],
    "aliases": [],
    "minimum-stability": "dev",
    "stability-flags": {
        "mockery/mockery": 0
    },
    "prefer-stable": true,
    "prefer-lowest": false,
    "platform": [],
    "platform-dev": []
}
